#MicroXplorer Configuration settings - do not modify
ADC1.Channel-0\#ChannelRegularConversion=ADC_CHANNEL_5
ADC1.ClockPrescaler=ADC_CLOCK_ASYNC_DIV32
ADC1.ContinuousConvMode=DISABLE
ADC1.DMAContinuousRequests=ENABLE
ADC1.EnableInjectedConversion=DISABLE
ADC1.ExternalTrigConv=ADC_EXTERNALTRIG_T2_TRGO
ADC1.IPParameters=Rank-0\#ChannelRegularConversion,Channel-0\#ChannelRegularConversion,SamplingTime-0\#ChannelRegularConversion,OffsetNumber-0\#ChannelRegularConversion,NbrOfConversionFlag,Resolution,ContinuousConvMode,DMAContinuousRequests,ClockPrescaler,NbrOfConversion,ExternalTrigConv,EnableInjectedConversion,master
ADC1.NbrOfConversion=1
ADC1.NbrOfConversionFlag=1
ADC1.OffsetNumber-0\#ChannelRegularConversion=ADC_OFFSET_NONE
ADC1.Rank-0\#ChannelRegularConversion=1
ADC1.Resolution=ADC_RESOLUTION_8B
ADC1.SamplingTime-0\#ChannelRegularConversion=ADC_SAMPLETIME_247CYCLES_5
ADC1.master=1
COMP1.IPParameters=TriggerMode
COMP1.TriggerMode=COMP_TRIGGERMODE_IT_RISING_FALLING
Dma.ADC1.0.Direction=DMA_PERIPH_TO_MEMORY
Dma.ADC1.0.EventEnable=DISABLE
Dma.ADC1.0.Instance=DMA1_Channel1
Dma.ADC1.0.MemDataAlignment=DMA_MDATAALIGN_BYTE
Dma.ADC1.0.MemInc=DMA_MINC_ENABLE
Dma.ADC1.0.Mode=DMA_CIRCULAR
Dma.ADC1.0.PeriphDataAlignment=DMA_PDATAALIGN_BYTE
Dma.ADC1.0.PeriphInc=DMA_PINC_DISABLE
Dma.ADC1.0.Polarity=HAL_DMAMUX_REQ_GEN_RISING
Dma.ADC1.0.Priority=DMA_PRIORITY_LOW
Dma.ADC1.0.RequestNumber=1
Dma.ADC1.0.RequestParameters=Instance,Direction,PeriphInc,MemInc,PeriphDataAlignment,MemDataAlignment,Mode,Priority,SignalID,Polarity,RequestNumber,SyncSignalID,SyncPolarity,SyncEnable,EventEnable,SyncRequestNumber
Dma.ADC1.0.SignalID=NONE
Dma.ADC1.0.SyncEnable=DISABLE
Dma.ADC1.0.SyncPolarity=HAL_DMAMUX_SYNC_NO_EVENT
Dma.ADC1.0.SyncRequestNumber=1
Dma.ADC1.0.SyncSignalID=NONE
Dma.Request0=ADC1
Dma.RequestsNb=1
FREERTOS.BinarySemaphores01=messageI2C_Lock,Dynamic,NULL;locNotify,Dynamic,NULL;locComplete,Dynamic,NULL;lightingLabDemoEnd,Dynamic,NULL
FREERTOS.FootprintOK=true
FREERTOS.IPParameters=Tasks01,configUSE_TICKLESS_IDLE,configTOTAL_HEAP_SIZE,configCHECK_FOR_STACK_OVERFLOW,configQUEUE_REGISTRY_SIZE,FootprintOK,Queues01,configUSE_MALLOC_FAILED_HOOK,BinarySemaphores01,configGENERATE_RUN_TIME_STATS,configMINIMAL_STACK_SIZE,configRECORD_STACK_HIGH_ADDRESS,configUSE_TICK_HOOK,Timers01
FREERTOS.Queues01=blinkMsgQueue,10,108,1,Dynamic,NULL,NULL;lightsSimpleQueue,3,4,1,Dynamic,NULL,NULL;togLoggingQueue,4,6,1,Dynamic,NULL,NULL;interProcessorMsgQueue,10,24,1,Dynamic,NULL,NULL;inertialSensingQueue,10,40,1,Dynamic,NULL,NULL;activitySampleQueue,10,16,1,Dynamic,NULL,NULL;rotationSampleQueue,3,24,1,Dynamic,NULL,NULL;pulseQueue,10,6,1,Dynamic,NULL,NULL;viveQueue,10,24,1,Dynamic,NULL,NULL;statusQueue,1,uint32_t,0,Dynamic,NULL,NULL;msgPasssingUSB_Queue,5,11,1,Dynamic,NULL,NULL
FREERTOS.Tasks01=defaultTask,24,512,DefaultTask,As weak,NULL,Dynamic,NULL,NULL;frontLightsTask,24,512,ThreadFrontLightsTask,As external,NULL,Dynamic,NULL,NULL;masterTask,24,512,MasterThreadTask,As external,NULL,Dynamic,NULL,NULL;inertialTask,24,1024,InertialSensingTask,As external,NULL,Dynamic,NULL,NULL;pulseTask,24,512,PulseHandlerTask,As external,NULL,Dynamic,NULL,NULL;interProcTask,24,512,InterProcessorTask,As external,NULL,Dynamic,NULL,NULL;blinkTask,24,512,BlinkTask,As external,NULL,Dynamic,NULL,NULL;msgPassingUSB_T,24,512,msgPassingUSB,As weak,NULL,Dynamic,NULL,NULL
FREERTOS.Timers01=viveTimer,get3D_location,osTimerPeriodic,As external,&viveStateVar,Dynamic,NULL;watchDogTimer,watchDogReset,osTimerPeriodic,Default,NULL,Dynamic,NULL
FREERTOS.configCHECK_FOR_STACK_OVERFLOW=1
FREERTOS.configGENERATE_RUN_TIME_STATS=1
FREERTOS.configMINIMAL_STACK_SIZE=512
FREERTOS.configQUEUE_REGISTRY_SIZE=12
FREERTOS.configRECORD_STACK_HIGH_ADDRESS=1
FREERTOS.configTOTAL_HEAP_SIZE=150000
FREERTOS.configUSE_MALLOC_FAILED_HOOK=1
FREERTOS.configUSE_TICKLESS_IDLE=2
FREERTOS.configUSE_TICK_HOOK=1
File.Version=6
GPIO.groupedBy=Group By Peripherals
I2C1.I2C_Fall_Time=200
I2C1.I2C_Rise_Time=200
I2C1.IPParameters=Timing,I2C_Rise_Time,I2C_Fall_Time
I2C1.Timing=0x00E27CAE
KeepUserPlacement=false
Mcu.Family=STM32WB
Mcu.IP0=ADC1
Mcu.IP1=COMP1
Mcu.IP10=STM32_WPAN
Mcu.IP11=SYS
Mcu.IP12=TIM2
Mcu.IP13=TIM16
Mcu.IP14=TINY_LPM
Mcu.IP15=USB
Mcu.IP16=USB_DEVICE
Mcu.IP2=DMA
Mcu.IP3=FREERTOS
Mcu.IP4=HSEM
Mcu.IP5=I2C1
Mcu.IP6=NVIC
Mcu.IP7=RCC
Mcu.IP8=RF
Mcu.IP9=RTC
Mcu.IPNb=17
Mcu.Name=STM32WB55CGUx
Mcu.Package=UFQFPN48
Mcu.Pin0=PC14-OSC32_IN
Mcu.Pin1=PC15-OSC32_OUT
Mcu.Pin10=OSC_IN
Mcu.Pin11=PA10
Mcu.Pin12=PA11
Mcu.Pin13=PA12
Mcu.Pin14=PA13
Mcu.Pin15=PA14
Mcu.Pin16=PB3
Mcu.Pin17=VP_COMP1_VS_VREFINT12
Mcu.Pin18=VP_FREERTOS_VS_CMSIS_V2
Mcu.Pin19=VP_HSEM_VS_HSEM
Mcu.Pin2=PB8
Mcu.Pin20=VP_RTC_VS_RTC_Activate
Mcu.Pin21=VP_STM32_WPAN_VS_THREAD
Mcu.Pin22=VP_SYS_VS_tim1
Mcu.Pin23=VP_TIM2_VS_ClockSourceINT
Mcu.Pin24=VP_TIM2_VS_no_output4
Mcu.Pin25=VP_TIM16_VS_ClockSourceINT
Mcu.Pin26=VP_TINY_LPM_VS_TINY_LPM
Mcu.Pin27=VP_USB_DEVICE_VS_USB_DEVICE_CDC_FS
Mcu.Pin3=PA0
Mcu.Pin4=PA1
Mcu.Pin5=PA5
Mcu.Pin6=PA9
Mcu.Pin7=PB2
Mcu.Pin8=RF1
Mcu.Pin9=OSC_OUT
Mcu.PinsNb=28
Mcu.ThirdPartyNb=0
Mcu.UserConstants=
Mcu.UserName=STM32WB55CGUx
MxCube.Version=6.1.1
MxDb.Version=DB.6.0.10
NVIC.BusFault_IRQn=true\:0\:0\:false\:false\:true\:false\:false\:false
NVIC.COMP_IRQn=true\:5\:0\:false\:false\:true\:true\:false\:true
NVIC.DMA1_Channel1_IRQn=true\:5\:0\:false\:false\:true\:true\:false\:true
NVIC.DebugMonitor_IRQn=true\:0\:0\:false\:false\:true\:false\:false\:false
NVIC.EXTI2_IRQn=true\:5\:0\:false\:false\:true\:true\:true\:true
NVIC.EXTI9_5_IRQn=true\:5\:0\:false\:false\:true\:true\:true\:true
NVIC.ForceEnableDMAVector=true
NVIC.HSEM_IRQn=true\:5\:0\:false\:false\:true\:false\:false\:true
NVIC.HardFault_IRQn=true\:0\:0\:false\:false\:true\:false\:false\:false
NVIC.I2C1_EV_IRQn=true\:5\:0\:false\:false\:true\:true\:true\:true
NVIC.MemoryManagement_IRQn=true\:0\:0\:false\:false\:true\:false\:false\:false
NVIC.NonMaskableInt_IRQn=true\:0\:0\:false\:false\:true\:false\:false\:false
NVIC.PendSV_IRQn=true\:15\:0\:false\:false\:false\:true\:false\:false
NVIC.PriorityGroup=NVIC_PRIORITYGROUP_4
NVIC.SVCall_IRQn=true\:0\:0\:false\:false\:false\:false\:false\:false
NVIC.SavedPendsvIrqHandlerGenerated=true
NVIC.SavedSvcallIrqHandlerGenerated=true
NVIC.SavedSystickIrqHandlerGenerated=true
NVIC.SysTick_IRQn=true\:15\:0\:false\:false\:false\:true\:false\:true
NVIC.TIM1_UP_TIM16_IRQn=true\:0\:0\:false\:false\:true\:false\:false\:true
NVIC.TIM2_IRQn=true\:5\:0\:false\:false\:true\:true\:true\:true
NVIC.TimeBase=TIM1_UP_TIM16_IRQn
NVIC.TimeBaseIP=TIM1
NVIC.USB_LP_IRQn=true\:5\:0\:false\:false\:true\:true\:false\:true
NVIC.UsageFault_IRQn=true\:0\:0\:false\:false\:true\:false\:false\:false
OSC_IN.Mode=HSE-External-Oscillator
OSC_IN.Signal=RCC_OSC_IN
OSC_OUT.Mode=HSE-External-Oscillator
OSC_OUT.Signal=RCC_OSC_OUT
PA0.GPIOParameters=GPIO_Label
PA0.GPIO_Label=BLINK_SIG
PA0.Signal=ADCx_IN5
PA1.GPIOParameters=GPIO_Label
PA1.GPIO_Label=LH_SIG
PA1.Locked=true
PA1.Mode=INP
PA1.Signal=COMP1_INP
PA10.GPIOParameters=GPIO_PuPdOD
PA10.GPIO_PuPdOD=GPIO_NOPULL
PA10.Locked=true
PA10.Mode=I2C
PA10.Signal=I2C1_SDA
PA11.Locked=true
PA11.Mode=Device
PA11.Signal=USB_DM
PA12.Mode=Device
PA12.Signal=USB_DP
PA13.Mode=Serial_Wire
PA13.Signal=SYS_JTMS-SWDIO
PA14.Mode=Serial_Wire
PA14.Signal=SYS_JTCK-SWCLK
PA5.GPIOParameters=GPIO_PuPd,GPIO_Label,GPIO_ModeDefaultEXTI
PA5.GPIO_Label=IMU_INT
PA5.GPIO_ModeDefaultEXTI=GPIO_MODE_IT_FALLING
PA5.GPIO_PuPd=GPIO_PULLUP
PA5.Locked=true
PA5.Signal=GPXTI5
PA9.GPIOParameters=GPIO_PuPdOD
PA9.GPIO_PuPdOD=GPIO_NOPULL
PA9.Locked=true
PA9.Mode=I2C
PA9.Signal=I2C1_SCL
PB2.GPIOParameters=GPIO_PuPd,GPIO_Label
PB2.GPIO_Label=EXPANSION_INT
PB2.GPIO_PuPd=GPIO_NOPULL
PB2.Locked=true
PB2.Signal=GPXTI2
PB3.GPIOParameters=GPIO_Label
PB3.GPIO_Label=BLINK_PWM
PB3.Locked=true
PB3.Signal=S_TIM2_CH2
PB8.GPIOParameters=GPIO_Label
PB8.GPIO_Label=DONGLE_DEBUG_PIN
PB8.Locked=true
PB8.Signal=GPIO_Output
PC14-OSC32_IN.Mode=LSE-External-Oscillator
PC14-OSC32_IN.Signal=RCC_OSC32_IN
PC15-OSC32_OUT.Mode=LSE-External-Oscillator
PC15-OSC32_OUT.Signal=RCC_OSC32_OUT
PCC.Ble.ConnectionInterval=1000.0
PCC.Ble.DataLength=6
PCC.Ble.Mode=Advertising
PCC.Ble.PowerLevel=Min
PinOutPanel.RotationAngle=-90
ProjectManager.AskForMigrate=true
ProjectManager.BackupPrevious=false
ProjectManager.CompilerOptimize=6
ProjectManager.ComputerToolchain=false
ProjectManager.CoupleFile=true
ProjectManager.CustomerFirmwarePackage=
ProjectManager.DefaultFWLocation=true
ProjectManager.DeletePrevious=true
ProjectManager.DeviceId=STM32WB55CGUx
ProjectManager.FirmwarePackage=STM32Cube FW_WB V1.10.0
ProjectManager.FreePins=true
ProjectManager.HalAssertFull=false
ProjectManager.HeapSize=0x200
ProjectManager.KeepUserCode=true
ProjectManager.LastFirmware=true
ProjectManager.LibraryCopy=1
ProjectManager.MainLocation=Core/Src
ProjectManager.NoMain=false
ProjectManager.PreviousToolchain=STM32CubeIDE
ProjectManager.ProjectBuild=false
ProjectManager.ProjectFileName=stm32_mainMCU_Code_v4.ioc
ProjectManager.ProjectName=stm32_mainMCU_Code_v4
ProjectManager.RegisterCallBack=
ProjectManager.StackSize=0x400
ProjectManager.TargetToolchain=STM32CubeIDE
ProjectManager.ToolChainLocation=
ProjectManager.UnderRoot=true
ProjectManager.functionlistsort=1-SystemClock_Config-RCC-false-HAL-false,2-MX_GPIO_Init-GPIO-false-HAL-true,3-MX_DMA_Init-DMA-false-HAL-true,4-MX_ADC1_Init-ADC1-false-HAL-true,5-MX_RTC_Init-RTC-false-HAL-true,6-MX_TIM2_Init-TIM2-false-HAL-true,7-MX_RF_Init-RF-false-HAL-true,8-APPE_Init-STM32_WPAN-false-HAL-false,9-MX_I2C1_Init-I2C1-false-HAL-true,10-MX_COMP1_Init-COMP1-false-HAL-true,11-MX_TIM16_Init-TIM16-false-HAL-true,12-MX_USB_Device_Init-USB_DEVICE-false-HAL-false,0-MX_HSEM_Init-HSEM-false-HAL-true
RCC.ADCFreq_Value=48000000
RCC.AHBFreq_Value=32000000
RCC.APB1Freq_Value=32000000
RCC.APB1TimFreq_Value=32000000
RCC.APB2Freq_Value=32000000
RCC.APB2TimFreq_Value=32000000
RCC.APB3Freq_Value=16000000
RCC.Cortex2Freq_Value=32000000
RCC.CortexFreq_Value=32000000
RCC.FCLK2Freq_Value=32000000
RCC.FCLKCortexFreq_Value=32000000
RCC.FamilyName=M
RCC.HCLK2Freq_Value=32000000
RCC.HCLK3Freq_Value=32000000
RCC.HCLKFreq_Value=32000000
RCC.HCLKRFFreq_Value=16000000
RCC.HSE_VALUE=32000000
RCC.HSI48_VALUE=48000000
RCC.HSI_VALUE=16000000
RCC.I2C1Freq_Value=32000000
RCC.I2C3Freq_Value=32000000
RCC.IPParameters=ADCFreq_Value,AHBFreq_Value,APB1Freq_Value,APB1TimFreq_Value,APB2Freq_Value,APB2TimFreq_Value,APB3Freq_Value,Cortex2Freq_Value,CortexFreq_Value,FCLK2Freq_Value,FCLKCortexFreq_Value,FamilyName,HCLK2Freq_Value,HCLK3Freq_Value,HCLKFreq_Value,HCLKRFFreq_Value,HSE_VALUE,HSI48_VALUE,HSI_VALUE,I2C1Freq_Value,I2C3Freq_Value,LCDFreq_Value,LPTIM1Freq_Value,LPTIM2Freq_Value,LPUART1Freq_Value,LSCOPinFreq_Value,LSI_VALUE,MCO1PinFreq_Value,MSIClockRange,PLLM,PLLPoutputFreq_Value,PLLQoutputFreq_Value,PLLRCLKFreq_Value,PLLSAI1N,PLLSAI1PoutputFreq_Value,PLLSAI1QoutputFreq_Value,PLLSAI1RoutputFreq_Value,PLLSourceVirtual,PWRFreq_Value,RFWKPClockSelection,RFWKPFreq_Value,RNGFreq_Value,RTCClockSelection,RTCFreq_Value,SAI1Freq_Value,SMPS1Freq_Value,SMPSCLockSelectionVirtual,SMPSDivider,SMPSFreq_Value,SYSCLKFreq_VALUE,SYSCLKSource,USART1Freq_Value,USBFreq_Value,VCOInputFreq_Value,VCOOutputFreq_Value,VCOSAI1OutputFreq_Value
RCC.LCDFreq_Value=1000000
RCC.LPTIM1Freq_Value=32000000
RCC.LPTIM2Freq_Value=32000000
RCC.LPUART1Freq_Value=32000000
RCC.LSCOPinFreq_Value=32000
RCC.LSI_VALUE=32000
RCC.MCO1PinFreq_Value=32000000
RCC.MSIClockRange=RCC_MSIRANGE_10
RCC.PLLM=RCC_PLLM_DIV2
RCC.PLLPoutputFreq_Value=64000000
RCC.PLLQoutputFreq_Value=64000000
RCC.PLLRCLKFreq_Value=64000000
RCC.PLLSAI1N=6
RCC.PLLSAI1PoutputFreq_Value=48000000
RCC.PLLSAI1QoutputFreq_Value=48000000
RCC.PLLSAI1RoutputFreq_Value=48000000
RCC.PLLSourceVirtual=RCC_PLLSOURCE_HSE
RCC.PWRFreq_Value=32000000
RCC.RFWKPClockSelection=RCC_RFWKPCLKSOURCE_LSE
RCC.RFWKPFreq_Value=32768
RCC.RNGFreq_Value=32000
RCC.RTCClockSelection=RCC_RTCCLKSOURCE_HSE_DIV32
RCC.RTCFreq_Value=1000000
RCC.SAI1Freq_Value=48000000
RCC.SMPS1Freq_Value=8000000
RCC.SMPSCLockSelectionVirtual=RCC_SMPSCLKSOURCE_HSE
RCC.SMPSDivider=4
RCC.SMPSFreq_Value=4000000
RCC.SYSCLKFreq_VALUE=32000000
RCC.SYSCLKSource=RCC_SYSCLKSOURCE_HSE
RCC.USART1Freq_Value=32000000
RCC.USBFreq_Value=48000000
RCC.VCOInputFreq_Value=16000000
RCC.VCOOutputFreq_Value=128000000
RCC.VCOSAI1OutputFreq_Value=96000000
RF1.Mode=RF1_Activate
RF1.Signal=RF_RF1
SH.ADCx_IN5.0=ADC1_IN5,IN5-Single-Ended
SH.ADCx_IN5.ConfNb=1
SH.GPXTI2.0=GPIO_EXTI2
SH.GPXTI2.ConfNb=1
SH.GPXTI5.0=GPIO_EXTI5
SH.GPXTI5.ConfNb=1
SH.S_TIM2_CH2.0=TIM2_CH2,PWM Generation2 CH2
SH.S_TIM2_CH2.ConfNb=1
STM32_WPAN.APPLI_CONFIG_LOG_LEVEL=LOG_LEVEL_NONE
STM32_WPAN.CFG_DEBUGGER_SUPPORTED=0
STM32_WPAN.CFG_FAST_CONN_ADV_INTERVAL_MAX_HEXA=0x0
STM32_WPAN.CFG_FAST_CONN_ADV_INTERVAL_MIN_HEXA=0x0
STM32_WPAN.CFG_HW_USART1_ENABLED=0
STM32_WPAN.CFG_LP_CONN_ADV_INTERVAL_MAX_HEXA=0x0
STM32_WPAN.CFG_LP_CONN_ADV_INTERVAL_MIN_HEXA=0x0
STM32_WPAN.CHANNEL=23
STM32_WPAN.IPParameters=THREAD_APPLICATION,CFG_FAST_CONN_ADV_INTERVAL_MIN_HEXA,CFG_FAST_CONN_ADV_INTERVAL_MAX_HEXA,CFG_LP_CONN_ADV_INTERVAL_MIN_HEXA,CFG_LP_CONN_ADV_INTERVAL_MAX_HEXA,LOCAL_NAME_FORMATTED,PANID,CHANNEL,CFG_HW_USART1_ENABLED,APPLI_CONFIG_LOG_LEVEL,CFG_DEBUGGER_SUPPORTED
STM32_WPAN.LOCAL_NAME_FORMATTED=,'0'
STM32_WPAN.PANID=1234
STM32_WPAN.THREAD_APPLICATION=FTD
TIM16.IPParameters=Prescaler,Period
TIM16.Period=65535
TIM16.Prescaler=31
TIM2.AutoReloadPreload=TIM_AUTORELOAD_PRELOAD_ENABLE
TIM2.Channel-Output\ Compare4\ No\ Output=TIM_CHANNEL_4
TIM2.Channel-PWM\ Generation2\ CH2=TIM_CHANNEL_2
TIM2.Channel-PWM\ Generation3\ CH3=TIM_CHANNEL_3
TIM2.CounterMode=TIM_COUNTERMODE_CENTERALIGNED1
TIM2.IPParameters=Prescaler,Period,TIM_MasterOutputTrigger,Channel-PWM Generation2 CH2,Pulse-PWM Generation2 CH2,TIM_MasterSlaveMode,AutoReloadPreload,Channel-Output Compare4 No Output,OC4Preload,Channel-PWM Generation3 CH3,OC2Preload_PWM,OCMode_PWM-PWM Generation2 CH2,CounterMode
TIM2.OC2Preload_PWM=DISABLE
TIM2.OC4Preload=DISABLE
TIM2.OCMode_PWM-PWM\ Generation2\ CH2=TIM_OCMODE_PWM1
TIM2.Period=10
TIM2.Prescaler=1599
TIM2.Pulse-PWM\ Generation2\ CH2=5
TIM2.TIM_MasterOutputTrigger=TIM_TRGO_UPDATE
TIM2.TIM_MasterSlaveMode=TIM_MASTERSLAVEMODE_DISABLE
USB_DEVICE.CLASS_NAME_FS=CDC
USB_DEVICE.IPParameters=VirtualMode,VirtualModeFS,CLASS_NAME_FS
USB_DEVICE.VirtualMode=Cdc
USB_DEVICE.VirtualModeFS=Cdc_FS
VP_COMP1_VS_VREFINT12.Mode=VREFINT_12
VP_COMP1_VS_VREFINT12.Signal=COMP1_VS_VREFINT12
VP_FREERTOS_VS_CMSIS_V2.Mode=CMSIS_V2
VP_FREERTOS_VS_CMSIS_V2.Signal=FREERTOS_VS_CMSIS_V2
VP_HSEM_VS_HSEM.Mode=HSEM_Activate
VP_HSEM_VS_HSEM.Signal=HSEM_VS_HSEM
VP_RTC_VS_RTC_Activate.Mode=RTC_Enabled
VP_RTC_VS_RTC_Activate.Signal=RTC_VS_RTC_Activate
VP_STM32_WPAN_VS_THREAD.Mode=STM32_WPAN_Enabled
VP_STM32_WPAN_VS_THREAD.Signal=STM32_WPAN_VS_THREAD
VP_SYS_VS_tim1.Mode=TIM1
VP_SYS_VS_tim1.Signal=SYS_VS_tim1
VP_TIM16_VS_ClockSourceINT.Mode=Enable_Timer
VP_TIM16_VS_ClockSourceINT.Signal=TIM16_VS_ClockSourceINT
VP_TIM2_VS_ClockSourceINT.Mode=Internal
VP_TIM2_VS_ClockSourceINT.Signal=TIM2_VS_ClockSourceINT
VP_TIM2_VS_no_output4.Mode=Output Compare4 No Output
VP_TIM2_VS_no_output4.Signal=TIM2_VS_no_output4
VP_TINY_LPM_VS_TINY_LPM.Mode=TINY_LPM_Enabled
VP_TINY_LPM_VS_TINY_LPM.Signal=TINY_LPM_VS_TINY_LPM
VP_USB_DEVICE_VS_USB_DEVICE_CDC_FS.Mode=CDC_FS
VP_USB_DEVICE_VS_USB_DEVICE_CDC_FS.Signal=USB_DEVICE_VS_USB_DEVICE_CDC_FS
board=custom
isbadioc=false
